
Microsoft Visual Studio Solution File, Format Version 12.00
# Visual Studio 15
VisualStudioVersion = 15.0.28307.168
MinimumVisualStudioVersion = 10.0.40219.1
Project("{9A19103F-16F7-4668-BE54-9A1E7A4F7556}") = "Client", "Client\Client.csproj", "{7D6444CE-BF99-4A83-B661-02E10DD8E102}"
EndProject
Project("{9A19103F-16F7-4668-BE54-9A1E7A4F7556}") = "Server", "Server\Server.csproj", "{3F671519-D39C-4CE7-9034-392498948969}"
EndProject
Project("{9A19103F-16F7-4668-BE54-9A1E7A4F7556}") = "MutualTls", "MutualTls\MutualTls.csproj", "{DC3EEFF6-A5E0-4567-9704-6240ED38068D}"
EndProject
Global
	GlobalSection(SolutionConfigurationPlatforms) = preSolution
		Debug|Any CPU = Debug|Any CPU
		Release|Any CPU = Release|Any CPU
	EndGlobalSection
	GlobalSection(ProjectConfigurationPlatforms) = postSolution
		{7D6444CE-BF99-4A83-B661-02E10DD8E102}.Debug|Any CPU.ActiveCfg = Debug|Any CPU
		{7D6444CE-BF99-4A83-B661-02E10DD8E102}.Debug|Any CPU.Build.0 = Debug|Any CPU
		{7D6444CE-BF99-4A83-B661-02E10DD8E102}.Release|Any CPU.ActiveCfg = Release|Any CPU
		{7D6444CE-BF99-4A83-B661-02E10DD8E102}.Release|Any CPU.Build.0 = Release|Any CPU
		{3F671519-D39C-4CE7-9034-392498948969}.Debug|Any CPU.ActiveCfg = Debug|Any CPU
		{3F671519-D39C-4CE7-9034-392498948969}.Debug|Any CPU.Build.0 = Debug|Any CPU
		{3F671519-D39C-4CE7-9034-392498948969}.Release|Any CPU.ActiveCfg = Release|Any CPU
		{3F671519-D39C-4CE7-9034-392498948969}.Release|Any CPU.Build.0 = Release|Any CPU
		{DC3EEFF6-A5E0-4567-9704-6240ED38068D}.Debug|Any CPU.ActiveCfg = Debug|Any CPU
		{DC3EEFF6-A5E0-4567-9704-6240ED38068D}.Debug|Any CPU.Build.0 = Debug|Any CPU
		{DC3EEFF6-A5E0-4567-9704-6240ED38068D}.Release|Any CPU.ActiveCfg = Release|Any CPU
		{DC3EEFF6-A5E0-4567-9704-6240ED38068D}.Release|Any CPU.Build.0 = Release|Any CPU
	EndGlobalSection
	GlobalSection(SolutionProperties) = preSolution
		HideSolutionNode = FALSE
	EndGlobalSection
	GlobalSection(ExtensibilityGlobals) = postSolution
		SolutionGuid = {B6B21623-E321-475D-9C19-DDC793B44C43}
	EndGlobalSection
EndGlobal
